
Microsoft Visual Studio Solution File, Format Version 12.00
# Visual Studio Version 16
VisualStudioVersion = 16.0.31702.278
MinimumVisualStudioVersion = 10.0.40219.1
Project("{FAE04EC0-301F-11D3-BF4B-00C04F79EFBC}") = "Boutique de livres", "Boutique de livres\Boutique de livres.csproj", "{DE39AC21-F58A-4493-B3C1-05C13CB73564}"
EndProject
Global
	GlobalSection(SolutionConfigurationPlatforms) = preSolution
		Debug|Any CPU = Debug|Any CPU
		Release|Any CPU = Release|Any CPU
	EndGlobalSection
	GlobalSection(ProjectConfigurationPlatforms) = postSolution
		{DE39AC21-F58A-4493-B3C1-05C13CB73564}.Debug|Any CPU.ActiveCfg = Debug|Any CPU
		{DE39AC21-F58A-4493-B3C1-05C13CB73564}.Debug|Any CPU.Build.0 = Debug|Any CPU
		{DE39AC21-F58A-4493-B3C1-05C13CB73564}.Release|Any CPU.ActiveCfg = Release|Any CPU
		{DE39AC21-F58A-4493-B3C1-05C13CB73564}.Release|Any CPU.Build.0 = Release|Any CPU
	EndGlobalSection
	GlobalSection(SolutionProperties) = preSolution
		HideSolutionNode = FALSE
	EndGlobalSection
	GlobalSection(ExtensibilityGlobals) = postSolution
		SolutionGuid = {9DC47AEB-37FB-4498-8B07-F9E1629FD2E9}
	EndGlobalSection
EndGlobal
